{
  "name": "stacks-encoding-native-js",
  "version": "0.1.0",
  "lockfileVersion": 2,
  "requires": true,
  "packages": {
    "": {
      "name": "stacks-encoding-native-js",
      "version": "0.1.0",
      "license": "ISC",
      "dependencies": {
        "@types/node": "^16.11.26",
        "detect-libc": "^2.0.1"
      },
      "devDependencies": {
        "cargo-cp-artifact": "^0.1",
        "typescript": "^4.6.2"
      }
    },
    "node_modules/@types/node": {
      "version": "16.11.26",
      "resolved": "https://registry.npmjs.org/@types/node/-/node-16.11.26.tgz",
      "integrity": "sha512-GZ7bu5A6+4DtG7q9GsoHXy3ALcgeIHP4NnL0Vv2wu0uUB/yQex26v0tf6/na1mm0+bS9Uw+0DFex7aaKr2qawQ=="
    },
    "node_modules/cargo-cp-artifact": {
      "version": "0.1.6",
      "resolved": "https://registry.npmjs.org/cargo-cp-artifact/-/cargo-cp-artifact-0.1.6.tgz",
      "integrity": "sha512-CQw0doK/aaF7j041666XzuilHxqMxaKkn+I5vmBsd8SAwS0cO5CqVEVp0xJwOKstyqWZ6WK4Ww3O6p26x/Goyg==",
      "dev": true,
      "bin": {
        "cargo-cp-artifact": "bin/cargo-cp-artifact.js"
      }
    },
    "node_modules/detect-libc": {
      "version": "2.0.1",
      "resolved": "https://registry.npmjs.org/detect-libc/-/detect-libc-2.0.1.tgz",
      "integrity": "sha512-463v3ZeIrcWtdgIg6vI6XUncguvr2TnGl4SzDXinkt9mSLpBJKXT3mW6xT3VQdDN11+WVs29pgvivTc4Lp8v+w==",
      "engines": {
        "node": ">=8"
      }
    },
    "node_modules/typescript": {
      "version": "4.6.2",
      "resolved": "https://registry.npmjs.org/typescript/-/typescript-4.6.2.tgz",
      "integrity": "sha512-HM/hFigTBHZhLXshn9sN37H085+hQGeJHJ/X7LpBWLID/fbc2acUMfU+lGD98X81sKP+pFa9f0DZmCwB9GnbAg==",
      "dev": true,
      "bin": {
        "tsc": "bin/tsc",
        "tsserver": "bin/tsserver"
      },
      "engines": {
        "node": ">=4.2.0"
      }
    }
  },
  "dependencies": {
    "@types/node": {
      "version": "16.11.26",
      "resolved": "https://registry.npmjs.org/@types/node/-/node-16.11.26.tgz",
      "integrity": "sha512-GZ7bu5A6+4DtG7q9GsoHXy3ALcgeIHP4NnL0Vv2wu0uUB/yQex26v0tf6/na1mm0+bS9Uw+0DFex7aaKr2qawQ=="
    },
    "cargo-cp-artifact": {
      "version": "0.1.6",
      "resolved": "https://registry.npmjs.org/cargo-cp-artifact/-/cargo-cp-artifact-0.1.6.tgz",
      "integrity": "sha512-CQw0doK/aaF7j041666XzuilHxqMxaKkn+I5vmBsd8SAwS0cO5CqVEVp0xJwOKstyqWZ6WK4Ww3O6p26x/Goyg==",
      "dev": true
    },
    "detect-libc": {
      "version": "2.0.1",
      "resolved": "https://registry.npmjs.org/detect-libc/-/detect-libc-2.0.1.tgz",
      "integrity": "sha512-463v3ZeIrcWtdgIg6vI6XUncguvr2TnGl4SzDXinkt9mSLpBJKXT3mW6xT3VQdDN11+WVs29pgvivTc4Lp8v+w=="
    },
    "typescript": {
      "version": "4.6.2",
      "resolved": "https://registry.npmjs.org/typescript/-/typescript-4.6.2.tgz",
      "integrity": "sha512-HM/hFigTBHZhLXshn9sN37H085+hQGeJHJ/X7LpBWLID/fbc2acUMfU+lGD98X81sKP+pFa9f0DZmCwB9GnbAg==",
      "dev": true
    }
  }
}
